
Microsoft Visual Studio Solution File, Format Version 12.00
# Visual Studio Version 16
VisualStudioVersion = 16.0.31702.278
MinimumVisualStudioVersion = 10.0.40219.1
Project("{9A19103F-16F7-4668-BE54-9A1E7A4F7556}") = "EmployeeApplication", "EmployeeApplication\EmployeeApplication.csproj", "{A92F68E7-44AE-4C1D-9A0C-556231AD2998}"
EndProject
Project("{FAE04EC0-301F-11D3-BF4B-00C04F79EFBC}") = "EmployeeXTestProject", "EmployeeXTestProject\EmployeeXTestProject.csproj", "{940CC7E9-A4E1-4A04-8FAE-CE680237DD9B}"
EndProject
Global
	GlobalSection(SolutionConfigurationPlatforms) = preSolution
		Debug|Any CPU = Debug|Any CPU
		Release|Any CPU = Release|Any CPU
	EndGlobalSection
	GlobalSection(ProjectConfigurationPlatforms) = postSolution
		{A92F68E7-44AE-4C1D-9A0C-556231AD2998}.Debug|Any CPU.ActiveCfg = Debug|Any CPU
		{A92F68E7-44AE-4C1D-9A0C-556231AD2998}.Debug|Any CPU.Build.0 = Debug|Any CPU
		{A92F68E7-44AE-4C1D-9A0C-556231AD2998}.Release|Any CPU.ActiveCfg = Release|Any CPU
		{A92F68E7-44AE-4C1D-9A0C-556231AD2998}.Release|Any CPU.Build.0 = Release|Any CPU
		{940CC7E9-A4E1-4A04-8FAE-CE680237DD9B}.Debug|Any CPU.ActiveCfg = Debug|Any CPU
		{940CC7E9-A4E1-4A04-8FAE-CE680237DD9B}.Debug|Any CPU.Build.0 = Debug|Any CPU
		{940CC7E9-A4E1-4A04-8FAE-CE680237DD9B}.Release|Any CPU.ActiveCfg = Release|Any CPU
		{940CC7E9-A4E1-4A04-8FAE-CE680237DD9B}.Release|Any CPU.Build.0 = Release|Any CPU
	EndGlobalSection
	GlobalSection(SolutionProperties) = preSolution
		HideSolutionNode = FALSE
	EndGlobalSection
	GlobalSection(ExtensibilityGlobals) = postSolution
		SolutionGuid = {D38700C3-5E35-4070-A891-91C5EF00EB9B}
	EndGlobalSection
EndGlobal
