
Microsoft Visual Studio Solution File, Format Version 12.00
# Visual Studio Version 16
VisualStudioVersion = 16.0.31702.278
MinimumVisualStudioVersion = 10.0.40219.1
Project("{FAE04EC0-301F-11D3-BF4B-00C04F79EFBC}") = "ReactWeBAPI", "ReactWeBAPI\ReactWeBAPI.csproj", "{CBCEB300-89CF-42E1-BD63-55DE35A53FF5}"
EndProject
Global
	GlobalSection(SolutionConfigurationPlatforms) = preSolution
		Debug|Any CPU = Debug|Any CPU
		Release|Any CPU = Release|Any CPU
	EndGlobalSection
	GlobalSection(ProjectConfigurationPlatforms) = postSolution
		{CBCEB300-89CF-42E1-BD63-55DE35A53FF5}.Debug|Any CPU.ActiveCfg = Debug|Any CPU
		{CBCEB300-89CF-42E1-BD63-55DE35A53FF5}.Debug|Any CPU.Build.0 = Debug|Any CPU
		{CBCEB300-89CF-42E1-BD63-55DE35A53FF5}.Release|Any CPU.ActiveCfg = Release|Any CPU
		{CBCEB300-89CF-42E1-BD63-55DE35A53FF5}.Release|Any CPU.Build.0 = Release|Any CPU
	EndGlobalSection
	GlobalSection(SolutionProperties) = preSolution
		HideSolutionNode = FALSE
	EndGlobalSection
	GlobalSection(ExtensibilityGlobals) = postSolution
		SolutionGuid = {2BAB79FF-96AC-4AD1-9F10-55E3336C92F0}
	EndGlobalSection
EndGlobal
